# THIS IS AN AUTOGENERATED FILE. DO NOT EDIT THIS FILE DIRECTLY.
# yarn lockfile v1


cookie-session@^2.0.0-beta.3:
  version "2.0.0-beta.3"
  resolved "https://registry.yarnpkg.com/cookie-session/-/cookie-session-2.0.0-beta.3.tgz#4e446bd9f85bd7e27d3e226f4e99af12011a4386"
  integrity sha512-zyqm5tA0z9yMEB/xyP7lnRnqp8eLR2e0dap+9+rBwVigla9yPKn8XTL1jJymog8xjfrowqW2o5LUjixQChkqrw==
  dependencies:
    cookies "0.7.1"
    debug "3.1.0"
    on-headers "~1.0.1"
    safe-buffer "5.1.1"

cookies@0.7.1:
  version "0.7.1"
  resolved "https://registry.yarnpkg.com/cookies/-/cookies-0.7.1.tgz#7c8a615f5481c61ab9f16c833731bcb8f663b99b"
  integrity sha1-fIphX1SBxhq58WyDNzG8uPZjuZs=
  dependencies:
    depd "~1.1.1"
    keygrip "~1.0.2"

debug@3.1.0:
  version "3.1.0"
  resolved "https://registry.yarnpkg.com/debug/-/debug-3.1.0.tgz#5bb5a0672628b64149566ba16819e61518c67261"
  integrity sha512-OX8XqP7/1a9cqkxYw2yXss15f26NKWBpDXQd0/uK/KPqdQhxbPa994hnzjcE2VqQpDslf55723cKPUOGSmMY3g==
  dependencies:
    ms "2.0.0"

depd@~1.1.1:
  version "1.1.2"
  resolved "https://registry.yarnpkg.com/depd/-/depd-1.1.2.tgz#9bcd52e14c097763e749b274c4346ed2e560b5a9"
  integrity sha1-m81S4UwJd2PnSbJ0xDRu0uVgtak=

keygrip@~1.0.2:
  version "1.0.3"
  resolved "https://registry.yarnpkg.com/keygrip/-/keygrip-1.0.3.tgz#399d709f0aed2bab0a059e0cdd3a5023a053e1dc"
  integrity sha512-/PpesirAIfaklxUzp4Yb7xBper9MwP6hNRA6BGGUFCgbJ+BM5CKBtsoxinNXkLHAr+GXS1/lSlF2rP7cv5Fl+g==

ms@2.0.0:
  version "2.0.0"
  resolved "https://registry.yarnpkg.com/ms/-/ms-2.0.0.tgz#5608aeadfc00be6c2901df5f9861788de0d597c8"
  integrity sha1-VgiurfwAvmwpAd9fmGF4jeDVl8g=

on-headers@~1.0.1:
  version "1.0.1"
  resolved "https://registry.yarnpkg.com/on-headers/-/on-headers-1.0.1.tgz#928f5d0f470d49342651ea6794b0857c100693f7"
  integrity sha1-ko9dD0cNSTQmUepnlLCFfBAGk/c=

safe-buffer@5.1.1:
  version "5.1.1"
  resolved "https://registry.yarnpkg.com/safe-buffer/-/safe-buffer-5.1.1.tgz#893312af69b2123def71f57889001671eeb2c853"
  integrity sha512-kKvNJn6Mm93gAczWVJg7wH+wGYWNrDHdWvpUmHyEsgCtIwwo3bqPtV4tR5tuPaUhTOo/kvhVwd8XwwOllGYkbg==
